
Microsoft Visual Studio Solution File, Format Version 12.00
# Visual Studio Version 17
VisualStudioVersion = 17.0.31919.166
MinimumVisualStudioVersion = 10.0.40219.1
Project("{FAE04EC0-301F-11D3-BF4B-00C04F79EFBC}") = "DropBox", "DropBox\DropBox.csproj", "{53F3C722-BE40-42C8-8536-C2587DAD38FF}"
EndProject
Project("{FAE04EC0-301F-11D3-BF4B-00C04F79EFBC}") = "SpecFlowProject", "SpecFlowProject\SpecFlowProject.csproj", "{A45AAAA6-DE95-4C0F-A716-DFCA7F54E259}"
EndProject
Global
	GlobalSection(SolutionConfigurationPlatforms) = preSolution
		Debug|Any CPU = Debug|Any CPU
		Release|Any CPU = Release|Any CPU
	EndGlobalSection
	GlobalSection(ProjectConfigurationPlatforms) = postSolution
		{53F3C722-BE40-42C8-8536-C2587DAD38FF}.Debug|Any CPU.ActiveCfg = Debug|Any CPU
		{53F3C722-BE40-42C8-8536-C2587DAD38FF}.Debug|Any CPU.Build.0 = Debug|Any CPU
		{53F3C722-BE40-42C8-8536-C2587DAD38FF}.Release|Any CPU.ActiveCfg = Release|Any CPU
		{53F3C722-BE40-42C8-8536-C2587DAD38FF}.Release|Any CPU.Build.0 = Release|Any CPU
		{A45AAAA6-DE95-4C0F-A716-DFCA7F54E259}.Debug|Any CPU.ActiveCfg = Debug|Any CPU
		{A45AAAA6-DE95-4C0F-A716-DFCA7F54E259}.Debug|Any CPU.Build.0 = Debug|Any CPU
		{A45AAAA6-DE95-4C0F-A716-DFCA7F54E259}.Release|Any CPU.ActiveCfg = Release|Any CPU
		{A45AAAA6-DE95-4C0F-A716-DFCA7F54E259}.Release|Any CPU.Build.0 = Release|Any CPU
	EndGlobalSection
	GlobalSection(SolutionProperties) = preSolution
		HideSolutionNode = FALSE
	EndGlobalSection
	GlobalSection(ExtensibilityGlobals) = postSolution
		SolutionGuid = {A52A88D5-EB63-44E9-87D9-EC5116577445}
	EndGlobalSection
EndGlobal
